// !$*UTF8*$!
{
	archiveVersion = 1;
	classes = {
	};
	objectVersion = 50;
	objects = {

/* Begin PBXBuildFile section */
		0E8713A622D1165F00B7A5CD /* AppDelegate.m in Sources */ = {isa = PBXBuildFile; fileRef = 0E8713A522D1165F00B7A5CD /* AppDelegate.m */; };
		0E8713A922D1165F00B7A5CD /* ViewController.m in Sources */ = {isa = PBXBuildFile; fileRef = 0E8713A822D1165F00B7A5CD /* ViewController.m */; };
		0E8713AC22D1165F00B7A5CD /* Main.storyboard in Resources */ = {isa = PBXBuildFile; fileRef = 0E8713AA22D1165F00B7A5CD /* Main.storyboard */; };
		0E8713AE22D1166100B7A5CD /* Assets.xcassets in Resources */ = {isa = PBXBuildFile; fileRef = 0E8713AD22D1166100B7A5CD /* Assets.xcassets */; };
		0E8713B122D1166100B7A5CD /* LaunchScreen.storyboard in Resources */ = {isa = PBXBuildFile; fileRef = 0E8713AF22D1166100B7A5CD /* LaunchScreen.storyboard */; };
		0E8713B422D1166100B7A5CD /* main.m in Sources */ = {isa = PBXBuildFile; fileRef = 0E8713B322D1166100B7A5CD /* main.m */; };
		0E8713C122D1168900B7A5CD /* HWTitleView.m in Sources */ = {isa = PBXBuildFile; fileRef = 0E8713BB22D1168900B7A5CD /* HWTitleView.m */; };
		0E8713C222D1168900B7A5CD /* HWContentView.m in Sources */ = {isa = PBXBuildFile; fileRef = 0E8713BD22D1168900B7A5CD /* HWContentView.m */; };
		0E8713C322D1168900B7A5CD /* HWPageScrollView.m in Sources */ = {isa = PBXBuildFile; fileRef = 0E8713BF22D1168900B7A5CD /* HWPageScrollView.m */; };
/* End PBXBuildFile section */

/* Begin PBXFileReference section */
		0E8713A122D1165F00B7A5CD /* HWPageScrollView.app */ = {isa = PBXFileReference; explicitFileType = wrapper.application; includeInIndex = 0; path = HWPageScrollView.app; sourceTree = BUILT_PRODUCTS_DIR; };
		0E8713A422D1165F00B7A5CD /* AppDelegate.h */ = {isa = PBXFileReference; lastKnownFileType = sourcecode.c.h; path = AppDelegate.h; sourceTree = "<group>"; };
		0E8713A522D1165F00B7A5CD /* AppDelegate.m */ = {isa = PBXFileReference; lastKnownFileType = sourcecode.c.objc; path = AppDelegate.m; sourceTree = "<group>"; };
		0E8713A722D1165F00B7A5CD /* ViewController.h */ = {isa = PBXFileReference; lastKnownFileType = sourcecode.c.h; path = ViewController.h; sourceTree = "<group>"; };
		0E8713A822D1165F00B7A5CD /* ViewController.m */ = {isa = PBXFileReference; lastKnownFileType = sourcecode.c.objc; path = ViewController.m; sourceTree = "<group>"; };
		0E8713AB22D1165F00B7A5CD /* Base */ = {isa = PBXFileReference; lastKnownFileType = file.storyboard; name = Base; path = Base.lproj/Main.storyboard; sourceTree = "<group>"; };
		0E8713AD22D1166100B7A5CD /* Assets.xcassets */ = {isa = PBXFileReference; lastKnownFileType = folder.assetcatalog; path = Assets.xcassets; sourceTree = "<group>"; };
		0E8713B022D1166100B7A5CD /* Base */ = {isa = PBXFileReference; lastKnownFileType = file.storyboard; name = Base; path = Base.lproj/LaunchScreen.storyboard; sourceTree = "<group>"; };
		0E8713B222D1166100B7A5CD /* Info.plist */ = {isa = PBXFileReference; lastKnownFileType = text.plist.xml; path = Info.plist; sourceTree = "<group>"; };
		0E8713B322D1166100B7A5CD /* main.m */ = {isa = PBXFileReference; lastKnownFileType = sourcecode.c.objc; path = main.m; sourceTree = "<group>"; };
		0E8713BB22D1168900B7A5CD /* HWTitleView.m */ = {isa = PBXFileReference; fileEncoding = 4; lastKnownFileType = sourcecode.c.objc; path = HWTitleView.m; sourceTree = "<group>"; };
		0E8713BC22D1168900B7A5CD /* HWPageScrollView.h */ = {isa = PBXFileReference; fileEncoding = 4; lastKnownFileType = sourcecode.c.h; path = HWPageScrollView.h; sourceTree = "<group>"; };
		0E8713BD22D1168900B7A5CD /* HWContentView.m */ = {isa = PBXFileReference; fileEncoding = 4; lastKnownFileType = sourcecode.c.objc; path = HWContentView.m; sourceTree = "<group>"; };
		0E8713BE22D1168900B7A5CD /* HWTitleView.h */ = {isa = PBXFileReference; fileEncoding = 4; lastKnownFileType = sourcecode.c.h; path = HWTitleView.h; sourceTree = "<group>"; };
		0E8713BF22D1168900B7A5CD /* HWPageScrollView.m */ = {isa = PBXFileReference; fileEncoding = 4; lastKnownFileType = sourcecode.c.objc; path = HWPageScrollView.m; sourceTree = "<group>"; };
		0E8713C022D1168900B7A5CD /* HWContentView.h */ = {isa = PBXFileReference; fileEncoding = 4; lastKnownFileType = sourcecode.c.h; path = HWContentView.h; sourceTree = "<group>"; };
/* End PBXFileReference section */

/* Begin PBXFrameworksBuildPhase section */
		0E87139E22D1165F00B7A5CD /* Frameworks */ = {
			isa = PBXFrameworksBuildPhase;
			buildActionMask = 2147483647;
			files = (
			);
			runOnlyForDeploymentPostprocessing = 0;
		};
/* End PBXFrameworksBuildPhase section */

/* Begin PBXGroup section */
		0E87139822D1165F00B7A5CD = {
			isa = PBXGroup;
			children = (
				0E8713A322D1165F00B7A5CD /* HWPageScrollView */,
				0E8713A222D1165F00B7A5CD /* Products */,
			);
			sourceTree = "<group>";
		};
		0E8713A222D1165F00B7A5CD /* Products */ = {
			isa = PBXGroup;
			children = (
				0E8713A122D1165F00B7A5CD /* HWPageScrollView.app */,
			);
			name = Products;
			sourceTree = "<group>";
		};
		0E8713A322D1165F00B7A5CD /* HWPageScrollView */ = {
			isa = PBXGroup;
			children = (
				0E8713BA22D1168900B7A5CD /* HWScrollModules */,
				0E8713A422D1165F00B7A5CD /* AppDelegate.h */,
				0E8713A522D1165F00B7A5CD /* AppDelegate.m */,
				0E8713A722D1165F00B7A5CD /* ViewController.h */,
				0E8713A822D1165F00B7A5CD /* ViewController.m */,
				0E8713AA22D1165F00B7A5CD /* Main.storyboard */,
				0E8713AD22D1166100B7A5CD /* Assets.xcassets */,
				0E8713AF22D1166100B7A5CD /* LaunchScreen.storyboard */,
				0E8713B222D1166100B7A5CD /* Info.plist */,
				0E8713B322D1166100B7A5CD /* main.m */,
			);
			path = HWPageScrollView;
			sourceTree = "<group>";
		};
		0E8713BA22D1168900B7A5CD /* HWScrollModules */ = {
			isa = PBXGroup;
			children = (
				0E8713BC22D1168900B7A5CD /* HWPageScrollView.h */,
				0E8713BF22D1168900B7A5CD /* HWPageScrollView.m */,
				0E8713C022D1168900B7A5CD /* HWContentView.h */,
				0E8713BD22D1168900B7A5CD /* HWContentView.m */,
				0E8713BE22D1168900B7A5CD /* HWTitleView.h */,
				0E8713BB22D1168900B7A5CD /* HWTitleView.m */,
			);
			path = HWScrollModules;
			sourceTree = "<group>";
		};
/* End PBXGroup section */

/* Begin PBXNativeTarget section */
		0E8713A022D1165F00B7A5CD /* HWPageScrollView */ = {
			isa = PBXNativeTarget;
			buildConfigurationList = 0E8713B722D1166100B7A5CD /* Build configuration list for PBXNativeTarget "HWPageScrollView" */;
			buildPhases = (
				0E87139D22D1165F00B7A5CD /* Sources */,
				0E87139E22D1165F00B7A5CD /* Frameworks */,
				0E87139F22D1165F00B7A5CD /* Resources */,
			);
			buildRules = (
			);
			dependencies = (
			);
			name = HWPageScrollView;
			productName = HWPageScrollView;
			productReference = 0E8713A122D1165F00B7A5CD /* HWPageScrollView.app */;
			productType = "com.apple.product-type.application";
		};
/* End PBXNativeTarget section */

/* Begin PBXProject section */
		0E87139922D1165F00B7A5CD /* Project object */ = {
			isa = PBXProject;
			attributes = {
				LastUpgradeCheck = 1010;
				ORGANIZATIONNAME = Hwei;
				TargetAttributes = {
					0E8713A022D1165F00B7A5CD = {
						CreatedOnToolsVersion = 10.1;
					};
				};
			};
			buildConfigurationList = 0E87139C22D1165F00B7A5CD /* Build configuration list for PBXProject "HWPageScrollView" */;
			compatibilityVersion = "Xcode 9.3";
			developmentRegion = en;
			hasScannedForEncodings = 0;
			knownRegions = (
				en,
				Base,
			);
			mainGroup = 0E87139822D1165F00B7A5CD;
			productRefGroup = 0E8713A222D1165F00B7A5CD /* Products */;
			projectDirPath = "";
			projectRoot = "";
			targets = (
				0E8713A022D1165F00B7A5CD /* HWPageScrollView */,
			);
		};
/* End PBXProject section */

/* Begin PBXResourcesBuildPhase section */
		0E87139F22D1165F00B7A5CD /* Resources */ = {
			isa = PBXResourcesBuildPhase;
			buildActionMask = 2147483647;
			files = (
				0E8713B122D1166100B7A5CD /* LaunchScreen.storyboard in Resources */,
				0E8713AE22D1166100B7A5CD /* Assets.xcassets in Resources */,
				0E8713AC22D1165F00B7A5CD /* Main.storyboard in Resources */,
			);
			runOnlyForDeploymentPostprocessing = 0;
		};
/* End PBXResourcesBuildPhase section */

/* Begin PBXSourcesBuildPhase section */
		0E87139D22D1165F00B7A5CD /* Sources */ = {
			isa = PBXSourcesBuildPhase;
			buildActionMask = 2147483647;
			files = (
				0E8713C122D1168900B7A5CD /* HWTitleView.m in Sources */,
				0E8713C322D1168900B7A5CD /* HWPageScrollView.m in Sources */,
				0E8713C222D1168900B7A5CD /* HWContentView.m in Sources */,
				0E8713A922D1165F00B7A5CD /* ViewController.m in Sources */,
				0E8713B422D1166100B7A5CD /* main.m in Sources */,
				0E8713A622D1165F00B7A5CD /* AppDelegate.m in Sources */,
			);
			runOnlyForDeploymentPostprocessing = 0;
		};
/* End PBXSourcesBuildPhase section */

/* Begin PBXVariantGroup section */
		0E8713AA22D1165F00B7A5CD /* Main.storyboard */ = {
			isa = PBXVariantGroup;
			children = (
				0E8713AB22D1165F00B7A5CD /* Base */,
			);
			name = Main.storyboard;
			sourceTree = "<group>";
		};
		0E8713AF22D1166100B7A5CD /* LaunchScreen.storyboard */ = {
			isa = PBXVariantGroup;
			children = (
				0E8713B022D1166100B7A5CD /* Base */,
			);
			name = LaunchScreen.storyboard;
			sourceTree = "<group>";
		};
/* End PBXVariantGroup section */

/* Begin XCBuildConfiguration section */
		0E8713B522D1166100B7A5CD /* Debug */ = {
			isa = XCBuildConfiguration;
			buildSettings = {
				ALWAYS_SEARCH_USER_PATHS = NO;
				CLANG_ANALYZER_NONNULL = YES;
				CLANG_ANALYZER_NUMBER_OBJECT_CONVERSION = YES_AGGRESSIVE;
				CLANG_CXX_LANGUAGE_STANDARD = "gnu++14";
				CLANG_CXX_LIBRARY = "libc++";
				CLANG_ENABLE_MODULES = YES;
				CLANG_ENABLE_OBJC_ARC = YES;
				CLANG_ENABLE_OBJC_WEAK = YES;
				CLANG_WARN_BLOCK_CAPTURE_AUTORELEASING = YES;
				CLANG_WARN_BOOL_CONVERSION = YES;
				CLANG_WARN_COMMA = YES;
				CLANG_WARN_CONSTANT_CONVERSION = YES;
				CLANG_WARN_DEPRECATED_OBJC_IMPLEMENTATIONS = YES;
				CLANG_WARN_DIRECT_OBJC_ISA_USAGE = YES_ERROR;
				CLANG_WARN_DOCUMENTATION_COMMENTS = YES;
				CLANG_WARN_EMPTY_BODY = YES;
				CLANG_WARN_ENUM_CONVERSION = YES;
				CLANG_WARN_INFINITE_RECURSION = YES;
				CLANG_WARN_INT_CONVERSION = YES;
				CLANG_WARN_NON_LITERAL_NULL_CONVERSION = YES;
				CLANG_WARN_OBJC_IMPLICIT_RETAIN_SELF = YES;
				CLANG_WARN_OBJC_LITERAL_CONVERSION = YES;
				CLANG_WARN_OBJC_ROOT_CLASS = YES_ERROR;
				CLANG_WARN_RANGE_LOOP_ANALYSIS = YES;
				CLANG_WARN_STRICT_PROTOTYPES = YES;
				CLANG_WARN_SUSPICIOUS_MOVE = YES;
				CLANG_WARN_UNGUARDED_AVAILABILITY = YES_AGGRESSIVE;
				CLANG_WARN_UNREACHABLE_CODE = YES;
				CLANG_WARN__DUPLICATE_METHOD_MATCH = YES;
				CODE_SIGN_IDENTITY = "iPhone Developer";
				COPY_PHASE_STRIP = NO;
				DEBUG_INFORMATION_FORMAT = dwarf;
				ENABLE_STRICT_OBJC_MSGSEND = YES;
				ENABLE_TESTABILITY = YES;
				GCC_C_LANGUAGE_STANDARD = gnu11;
				GCC_DYNAMIC_NO_PIC = NO;
				GCC_NO_COMMON_BLOCKS = YES;
				GCC_OPTIMIZATION_LEVEL = 0;
				GCC_PREPROCESSOR_DEFINITIONS = (
					"DEBUG=1",
					"$(inherited)",
				);
				GCC_WARN_64_TO_32_BIT_CONVERSION = YES;
				GCC_WARN_ABOUT_RETURN_TYPE = YES_ERROR;
				GCC_WARN_UNDECLARED_SELECTOR = YES;
				GCC_WARN_UNINITIALIZED_AUTOS = YES_AGGRESSIVE;
				GCC_WARN_UNUSED_FUNCTION = YES;
				GCC_WARN_UNUSED_VARIABLE = YES;
				IPHONEOS_DEPLOYMENT_TARGET = 12.1;
				MTL_ENABLE_DEBUG_INFO = INCLUDE_SOURCE;
				MTL_FAST_MATH = YES;
				ONLY_ACTIVE_ARCH = YES;
				SDKROOT = iphoneos;
			};
			name = Debug;
		};
		0E8713B622D1166100B7A5CD /* Release */ = {
			isa = XCBuildConfiguration;
			buildSettings = {
				ALWAYS_SEARCH_USER_PATHS = NO;
				CLANG_ANALYZER_NONNULL = YES;
				CLANG_ANALYZER_NUMBER_OBJECT_CONVERSION = YES_AGGRESSIVE;
				CLANG_CXX_LANGUAGE_STANDARD = "gnu++14";
				CLANG_CXX_LIBRARY = "libc++";
				CLANG_ENABLE_MODULES = YES;
				CLANG_ENABLE_OBJC_ARC = YES;
				CLANG_ENABLE_OBJC_WEAK = YES;
				CLANG_WARN_BLOCK_CAPTURE_AUTORELEASING = YES;
				CLANG_WARN_BOOL_CONVERSION = YES;
				CLANG_WARN_COMMA = YES;
				CLANG_WARN_CONSTANT_CONVERSION = YES;
				CLANG_WARN_DEPRECATED_OBJC_IMPLEMENTATIONS = YES;
				CLANG_WARN_DIRECT_OBJC_ISA_USAGE = YES_ERROR;
				CLANG_WARN_DOCUMENTATION_COMMENTS = YES;
				CLANG_WARN_EMPTY_BODY = YES;
				CLANG_WARN_ENUM_CONVERSION = YES;
				CLANG_WARN_INFINITE_RECURSION = YES;
				CLANG_WARN_INT_CONVERSION = YES;
				CLANG_WARN_NON_LITERAL_NULL_CONVERSION = YES;
				CLANG_WARN_OBJC_IMPLICIT_RETAIN_SELF = YES;
				CLANG_WARN_OBJC_LITERAL_CONVERSION = YES;
				CLANG_WARN_OBJC_ROOT_CLASS = YES_ERROR;
				CLANG_WARN_RANGE_LOOP_ANALYSIS = YES;
				CLANG_WARN_STRICT_PROTOTYPES = YES;
				CLANG_WARN_SUSPICIOUS_MOVE = YES;
				CLANG_WARN_UNGUARDED_AVAILABILITY = YES_AGGRESSIVE;
				CLANG_WARN_UNREACHABLE_CODE = YES;
				CLANG_WARN__DUPLICATE_METHOD_MATCH = YES;
				CODE_SIGN_IDENTITY = "iPhone Developer";
				COPY_PHASE_STRIP = NO;
				DEBUG_INFORMATION_FORMAT = "dwarf-with-dsym";
				ENABLE_NS_ASSERTIONS = NO;
				ENABLE_STRICT_OBJC_MSGSEND = YES;
				GCC_C_LANGUAGE_STANDARD = gnu11;
				GCC_NO_COMMON_BLOCKS = YES;
				GCC_WARN_64_TO_32_BIT_CONVERSION = YES;
				GCC_WARN_ABOUT_RETURN_TYPE = YES_ERROR;
				GCC_WARN_UNDECLARED_SELECTOR = YES;
				GCC_WARN_UNINITIALIZED_AUTOS = YES_AGGRESSIVE;
				GCC_WARN_UNUSED_FUNCTION = YES;
				GCC_WARN_UNUSED_VARIABLE = YES;
				IPHONEOS_DEPLOYMENT_TARGET = 12.1;
				MTL_ENABLE_DEBUG_INFO = NO;
				MTL_FAST_MATH = YES;
				SDKROOT = iphoneos;
				VALIDATE_PRODUCT = YES;
			};
			name = Release;
		};
		0E8713B822D1166100B7A5CD /* Debug */ = {
			isa = XCBuildConfiguration;
			buildSettings = {
				ASSETCATALOG_COMPILER_APPICON_NAME = AppIcon;
				CODE_SIGN_STYLE = Automatic;
				DEVELOPMENT_TEAM = BGQB8WYN4P;
				INFOPLIST_FILE = HWPageScrollView/Info.plist;
				LD_RUNPATH_SEARCH_PATHS = (
					"$(inherited)",
					"@executable_path/Frameworks",
				);
				PRODUCT_BUNDLE_IDENTIFIER = com.Hwei.HWPageScrollView;
				PRODUCT_NAME = "$(TARGET_NAME)";
				TARGETED_DEVICE_FAMILY = "1,2";
			};
			name = Debug;
		};
		0E8713B922D1166100B7A5CD /* Release */ = {
			isa = XCBuildConfiguration;
			buildSettings = {
				ASSETCATALOG_COMPILER_APPICON_NAME = AppIcon;
				CODE_SIGN_STYLE = Automatic;
				DEVELOPMENT_TEAM = BGQB8WYN4P;
				INFOPLIST_FILE = HWPageScrollView/Info.plist;
				LD_RUNPATH_SEARCH_PATHS = (
					"$(inherited)",
					"@executable_path/Frameworks",
				);
				PRODUCT_BUNDLE_IDENTIFIER = com.Hwei.HWPageScrollView;
				PRODUCT_NAME = "$(TARGET_NAME)";
				TARGETED_DEVICE_FAMILY = "1,2";
			};
			name = Release;
		};
/* End XCBuildConfiguration section */

/* Begin XCConfigurationList section */
		0E87139C22D1165F00B7A5CD /* Build configuration list for PBXProject "HWPageScrollView" */ = {
			isa = XCConfigurationList;
			buildConfigurations = (
				0E8713B522D1166100B7A5CD /* Debug */,
				0E8713B622D1166100B7A5CD /* Release */,
			);
			defaultConfigurationIsVisible = 0;
			defaultConfigurationName = Release;
		};
		0E8713B722D1166100B7A5CD /* Build configuration list for PBXNativeTarget "HWPageScrollView" */ = {
			isa = XCConfigurationList;
			buildConfigurations = (
				0E8713B822D1166100B7A5CD /* Debug */,
				0E8713B922D1166100B7A5CD /* Release */,
			);
			defaultConfigurationIsVisible = 0;
			defaultConfigurationName = Release;
		};
/* End XCConfigurationList section */
	};
	rootObject = 0E87139922D1165F00B7A5CD /* Project object */;
}
